
Microsoft Visual Studio Solution File, Format Version 12.00
# Visual Studio Version 17
VisualStudioVersion = 17.7.34031.279
MinimumVisualStudioVersion = 10.0.40219.1
Project("{FAE04EC0-301F-11D3-BF4B-00C04F79EFBC}") = "Task5", "Task5.csproj", "{AD8CB0B4-6B91-4458-B1AF-0448E65CB671}"
EndProject
Global
	GlobalSection(SolutionConfigurationPlatforms) = preSolution
		Debug|Any CPU = Debug|Any CPU
		Release|Any CPU = Release|Any CPU
	EndGlobalSection
	GlobalSection(ProjectConfigurationPlatforms) = postSolution
		{AD8CB0B4-6B91-4458-B1AF-0448E65CB671}.Debug|Any CPU.ActiveCfg = Debug|Any CPU
		{AD8CB0B4-6B91-4458-B1AF-0448E65CB671}.Debug|Any CPU.Build.0 = Debug|Any CPU
		{AD8CB0B4-6B91-4458-B1AF-0448E65CB671}.Release|Any CPU.ActiveCfg = Release|Any CPU
		{AD8CB0B4-6B91-4458-B1AF-0448E65CB671}.Release|Any CPU.Build.0 = Release|Any CPU
	EndGlobalSection
	GlobalSection(SolutionProperties) = preSolution
		HideSolutionNode = FALSE
	EndGlobalSection
	GlobalSection(ExtensibilityGlobals) = postSolution
		SolutionGuid = {66C25A36-0AD8-41D3-808B-7D72E3A57AE2}
	EndGlobalSection
EndGlobal
